// !$*UTF8*$!
{
	archiveVersion = 1;
	classes = {
	};
	objectVersion = 56;
	objects = {

/* Begin PBXBuildFile section */
		0188CEEA9D6B1991B3AD447C /* SessionHistory.swift in Sources */ = {isa = PBXBuildFile; fileRef = D983E04A64C189A5DC0D8241 /* SessionHistory.swift */; };
		07BC6F608F514688855FAE54 /* PasteParser.swift in Sources */ = {isa = PBXBuildFile; fileRef = 51514D0E567348A2BB0BBE53 /* PasteParser.swift */; };
		131D886D7C8C7ADB6C3CD3CE /* SessionClosureView.swift in Sources */ = {isa = PBXBuildFile; fileRef = 9D0FFBAA031EBC812F4DEF47 /* SessionClosureView.swift */; };
		299DC41AD395D3AA5F35997A /* EtApresTab.swift in Sources */ = {isa = PBXBuildFile; fileRef = 386FAEF548C6AD12E862A293 /* EtApresTab.swift */; };
		B1A2C3D4E5F60001A1B2C3D4 /* BuildGateService.swift in Sources */ = {isa = PBXBuildFile; fileRef = B1A2C3D4E5F60002A1B2C3D4 /* BuildGateService.swift */; };
		B1A2C3D4E5F60003A1B2C3D4 /* BuildGateView.swift in Sources */ = {isa = PBXBuildFile; fileRef = B1A2C3D4E5F60004A1B2C3D4 /* BuildGateView.swift */; };
		2E118F7C59FEBE02688D7A0B /* SubscriptionService.swift in Sources */ = {isa = PBXBuildFile; fileRef = 9D75077909103EBB8EFC9C2D /* SubscriptionService.swift */; };
		36E1BA5FFE356FA0F1A270F2 /* PlancheFloatingView.swift in Sources */ = {isa = PBXBuildFile; fileRef = 548F4090476FACBAEDAD5FB3 /* PlancheFloatingView.swift */; };
		3895653ABD944D9980D993FE /* DecodageTab.swift in Sources */ = {isa = PBXBuildFile; fileRef = 3900240D6A13450BA9326F25 /* DecodageTab.swift */; };
		4A8F67FA65B3C40B85467627 /* PR07HistoriquesTab.swift in Sources */ = {isa = PBXBuildFile; fileRef = 552FDB96338C7493E6435455 /* PR07HistoriquesTab.swift */; };
		4C3372F287014F868EA82C30 /* MakeSyncService.swift in Sources */ = {isa = PBXBuildFile; fileRef = 3A33667F10A749C2B23E1403 /* MakeSyncService.swift */; };
		4E5B663D5A6C1FB9E4ACCCC3 /* ResearchProgramsView.swift in Sources */ = {isa = PBXBuildFile; fileRef = 6CEFC36F616E341659BAB2AC /* ResearchProgramsView.swift */; };
		6512716BF1D3ECAF2FA58EC4 /* PresenceService.swift in Sources */ = {isa = PBXBuildFile; fileRef = 298C62119865A99EDDEA7070 /* PresenceService.swift */; };
		69A263770DAD3ED708F10A6E /* PR05GlycemiesTab.swift in Sources */ = {isa = PBXBuildFile; fileRef = BCCECE0BAFE24CD3E968FC97 /* PR05GlycemiesTab.swift */; };
		6BC32FDEF49244CCE17009F9 /* PorteEnergetiqueData.swift in Sources */ = {isa = PBXBuildFile; fileRef = CB4DACFC8E6B2DD8D0BCA56A /* PorteEnergetiqueData.swift */; };
		7C6D954A5F205EA1012A6096 /* ParasiteEnergyData.swift in Sources */ = {isa = PBXBuildFile; fileRef = 594AD209FEA0F3343E316DD9 /* ParasiteEnergyData.swift */; };
		82A46D9D05844DBE9D122144 /* PierresTab.swift in Sources */ = {isa = PBXBuildFile; fileRef = 8E3C8036B3674B24AA785EC0 /* PierresTab.swift */; };
		856FF56CE14749B8A1930003 /* MainTabView.swift in Sources */ = {isa = PBXBuildFile; fileRef = 2CC3751FB08544D692E1C695 /* MainTabView.swift */; };
		8E4D14352F6E9E0900F9996A /* SLMTab.swift in Sources */ = {isa = PBXBuildFile; fileRef = 8E4D14342F6E9E0900F9996A /* SLMTab.swift */; };
		8E7964C92F6E4D110051060A /* SVLBH_PanelApp.swift in Sources */ = {isa = PBXBuildFile; fileRef = 8E7964C82F6E4D110051060A /* SVLBH_PanelApp.swift */; };
		8E7964D22F6E4D120051060A /* Assets.xcassets in Resources */ = {isa = PBXBuildFile; fileRef = 8E7964D12F6E4D120051060A /* Assets.xcassets */; };
		8E7964D62F6E4D120051060A /* Preview Assets.xcassets in Resources */ = {isa = PBXBuildFile; fileRef = 8E7964D52F6E4D120051060A /* Preview Assets.xcassets */; };
		8E7964E02F6E4D120051060A /* SVLBH_PanelTests.swift in Sources */ = {isa = PBXBuildFile; fileRef = 8E7964DF2F6E4D120051060A /* SVLBH_PanelTests.swift */; };
		8E7964EA2F6E4D120051060A /* SVLBH_PanelUITests.swift in Sources */ = {isa = PBXBuildFile; fileRef = 8E7964E92F6E4D120051060A /* SVLBH_PanelUITests.swift */; };
		8E7964EC2F6E4D120051060A /* SVLBH_PanelUITestsLaunchTests.swift in Sources */ = {isa = PBXBuildFile; fileRef = 8E7964EB2F6E4D120051060A /* SVLBH_PanelUITestsLaunchTests.swift */; };
		913D0B0F8A6A45E1A742C1FC /* DiffLogView.swift in Sources */ = {isa = PBXBuildFile; fileRef = A0C7A26CEE8A4E5F91325330 /* DiffLogView.swift */; };
		96FA78B46A38496C93D6083B /* SVLBHPanelApp.swift in Sources */ = {isa = PBXBuildFile; fileRef = 398A95DE26124552B401B80A /* SVLBHPanelApp.swift */; };
		9C770E585E6E8752C77EE527 /* PorteSelector.swift in Sources */ = {isa = PBXBuildFile; fileRef = 07A21B6576179D4CBD117499 /* PorteSelector.swift */; };
		A27E60C24738A6B7DADC0466 /* PR09SclerosesTab.swift in Sources */ = {isa = PBXBuildFile; fileRef = D29202852DE5D9C6D4D507A8 /* PR09SclerosesTab.swift */; };
		B08A4FB7DC9161909FD72C6D /* SubscriptionWallView.swift in Sources */ = {isa = PBXBuildFile; fileRef = 49B2B08BF080A80D78B9BFEF /* SubscriptionWallView.swift */; };
		B3190A932FD48AA852197324 /* PR03EndometreTab.swift in Sources */ = {isa = PBXBuildFile; fileRef = D4FD2DBCE6114AB18D677019 /* PR03EndometreTab.swift */; };
		BBA79F225B832B794210F148 /* ProvocationView.swift in Sources */ = {isa = PBXBuildFile; fileRef = 54E0597D9F2210FDFF6FCEF6 /* ProvocationView.swift */; };
		BE256CD665AC4C8BBC60C795 /* SessionData.swift in Sources */ = {isa = PBXBuildFile; fileRef = 42822705CB334E3795AE1648 /* SessionData.swift */; };
		BE3A34F085D7B202764622E0 /* ConditionsPortesView.swift in Sources */ = {isa = PBXBuildFile; fileRef = C14F4DE41214AAADCA850495 /* ConditionsPortesView.swift */; };
		C27652A06C632886943E91D5 /* SessionTimelinePanel.swift in Sources */ = {isa = PBXBuildFile; fileRef = 165D3DC5CABA1DE7330C4084 /* SessionTimelinePanel.swift */; };
		C2F84CFFF4EC5522B55B2F1A /* SessionTracker.swift in Sources */ = {isa = PBXBuildFile; fileRef = B3D93D35E16BC40CB1968846 /* SessionTracker.swift */; };
		C4548B3E270133359C834E7E /* SessionBreadcrumbBar.swift in Sources */ = {isa = PBXBuildFile; fileRef = 3FC162E701B3A3C64193617B /* SessionBreadcrumbBar.swift */; };
		C679E1BE195E44EDBDBA2DC3 /* ChakrasTab.swift in Sources */ = {isa = PBXBuildFile; fileRef = A10CF5DB221742EFABD40371 /* ChakrasTab.swift */; };
		C8AA840C76844930B7546E39 /* DimensionsData.swift in Sources */ = {isa = PBXBuildFile; fileRef = 04103650C0AA4F4D9EDF8936 /* DimensionsData.swift */; };
		CE016A20B4C74FA8B1234567 /* SessionExporter.swift in Sources */ = {isa = PBXBuildFile; fileRef = CE016A20B4C74FA8B7654321 /* SessionExporter.swift */; };
		CEFDC1DF1923BCF407A6A338 /* PorteSelectorCompact.swift in Sources */ = {isa = PBXBuildFile; fileRef = 0532858F4AF5AF4BCDAA5EA8 /* PorteSelectorCompact.swift */; };
		D15TR1B0VIEW00010000001 /* DistributionView.swift in Sources */ = {isa = PBXBuildFile; fileRef = D15TR1B0VIEW00010000002 /* DistributionView.swift */; };
		DB5903C0810C456ABC7FEBB6 /* SVLBHTab.swift in Sources */ = {isa = PBXBuildFile; fileRef = AB945055DBF440D689CC4DAA /* SVLBHTab.swift */; };
		DD3D9550AD11405F97934FB7 /* SyncBar.swift in Sources */ = {isa = PBXBuildFile; fileRef = D118F80AA4F347F0A9F10053 /* SyncBar.swift */; };
		DF02F1B950D17B7A58A2E421 /* PierreEnseignement.swift in Sources */ = {isa = PBXBuildFile; fileRef = D175F2BCE30C90B7C0FC8888 /* PierreEnseignement.swift */; };
		E1A70032EXPORT0141BCCF01 /* ExportView.swift in Sources */ = {isa = PBXBuildFile; fileRef = E1A70032EXPORT0141BCCF02 /* ExportView.swift */; };
		F20BE258FD441F4306FF6CD8 /* PasserelleTab.swift in Sources */ = {isa = PBXBuildFile; fileRef = F55BDB302F39A5E1266DF1F5 /* PasserelleTab.swift */; };
		F6E5D4C3B2A1 /* SegmentUpdateService.swift in Sources */ = {isa = PBXBuildFile; fileRef = A1B2C3D4E5F6 /* SegmentUpdateService.swift */; };
		FA496127934948D69587803F /* PasteImportView.swift in Sources */ = {isa = PBXBuildFile; fileRef = F14B0010C5BF4E3980BC7DC6 /* PasteImportView.swift */; };
		FAE55C7281C7B1769E4B8706 /* SessionHistoryView.swift in Sources */ = {isa = PBXBuildFile; fileRef = A9B1C0AC86379A98F91710B1 /* SessionHistoryView.swift */; };
		ROUT0001AAAA00000001AAAA /* RoutineMatinTab.swift in Sources */ = {isa = PBXBuildFile; fileRef = ROUT0001BBBB00000001BBBB /* RoutineMatinTab.swift */; };
		LEAD0001AAAA00000001AAAA /* LeadBubbleTab.swift in Sources */ = {isa = PBXBuildFile; fileRef = LEAD0001BBBB00000001BBBB /* LeadBubbleTab.swift */; };
		ONBO0001AAAA00000001AAAA /* OnboardingView.swift in Sources */ = {isa = PBXBuildFile; fileRef = ONBO0001BBBB00000001BBBB /* OnboardingView.swift */; };
		PTAC0001AAAA00000001AAAA /* PlancheTactiqueTab.swift in Sources */ = {isa = PBXBuildFile; fileRef = PTAC0001BBBB00000001BBBB /* PlancheTactiqueTab.swift */; };
		R3F5Y5T3M0VIEW0000001 /* ReferenceSystemView.swift in Sources */ = {isa = PBXBuildFile; fileRef = R3F5Y5T3M0VIEW0000002 /* ReferenceSystemView.swift */; };
/* End PBXBuildFile section */

/* Begin PBXContainerItemProxy section */
		8E7964DC2F6E4D120051060A /* PBXContainerItemProxy */ = {
			isa = PBXContainerItemProxy;
			containerPortal = 8E7964BD2F6E4D100051060A /* Project object */;
			proxyType = 1;
			remoteGlobalIDString = 8E7964C42F6E4D100051060A;
			remoteInfo = "SVLBH Panel";
		};
		8E7964E62F6E4D120051060A /* PBXContainerItemProxy */ = {
			isa = PBXContainerItemProxy;
			containerPortal = 8E7964BD2F6E4D100051060A /* Project object */;
			proxyType = 1;
			remoteGlobalIDString = 8E7964C42F6E4D100051060A;
			remoteInfo = "SVLBH Panel";
		};
/* End PBXContainerItemProxy section */

/* Begin PBXFileReference section */
		04103650C0AA4F4D9EDF8936 /* DimensionsData.swift */ = {isa = PBXFileReference; lastKnownFileType = sourcecode.swift; path = DimensionsData.swift; sourceTree = "<group>"; };
		0532858F4AF5AF4BCDAA5EA8 /* PorteSelectorCompact.swift */ = {isa = PBXFileReference; includeInIndex = 1; lastKnownFileType = sourcecode.swift; path = PorteSelectorCompact.swift; sourceTree = "<group>"; };
		07A21B6576179D4CBD117499 /* PorteSelector.swift */ = {isa = PBXFileReference; includeInIndex = 1; lastKnownFileType = sourcecode.swift; path = PorteSelector.swift; sourceTree = "<group>"; };
		165D3DC5CABA1DE7330C4084 /* SessionTimelinePanel.swift */ = {isa = PBXFileReference; includeInIndex = 1; lastKnownFileType = sourcecode.swift; path = SessionTimelinePanel.swift; sourceTree = "<group>"; };
		298C62119865A99EDDEA7070 /* PresenceService.swift */ = {isa = PBXFileReference; includeInIndex = 1; lastKnownFileType = sourcecode.swift; path = PresenceService.swift; sourceTree = "<group>"; };
		2CC3751FB08544D692E1C695 /* MainTabView.swift */ = {isa = PBXFileReference; lastKnownFileType = sourcecode.swift; path = MainTabView.swift; sourceTree = "<group>"; };
		386FAEF548C6AD12E862A293 /* EtApresTab.swift */ = {isa = PBXFileReference; includeInIndex = 1; lastKnownFileType = sourcecode.swift; path = EtApresTab.swift; sourceTree = "<group>"; };
		B1A2C3D4E5F60002A1B2C3D4 /* BuildGateService.swift */ = {isa = PBXFileReference; includeInIndex = 1; lastKnownFileType = sourcecode.swift; path = BuildGateService.swift; sourceTree = "<group>"; };
		B1A2C3D4E5F60004A1B2C3D4 /* BuildGateView.swift */ = {isa = PBXFileReference; includeInIndex = 1; lastKnownFileType = sourcecode.swift; path = BuildGateView.swift; sourceTree = "<group>"; };
		3900240D6A13450BA9326F25 /* DecodageTab.swift */ = {isa = PBXFileReference; lastKnownFileType = sourcecode.swift; path = DecodageTab.swift; sourceTree = "<group>"; };
		398A95DE26124552B401B80A /* SVLBHPanelApp.swift */ = {isa = PBXFileReference; lastKnownFileType = sourcecode.swift; path = SVLBHPanelApp.swift; sourceTree = "<group>"; };
		3A33667F10A749C2B23E1403 /* MakeSyncService.swift */ = {isa = PBXFileReference; lastKnownFileType = sourcecode.swift; path = MakeSyncService.swift; sourceTree = "<group>"; };
		3FC162E701B3A3C64193617B /* SessionBreadcrumbBar.swift */ = {isa = PBXFileReference; includeInIndex = 1; lastKnownFileType = sourcecode.swift; path = SessionBreadcrumbBar.swift; sourceTree = "<group>"; };
		42822705CB334E3795AE1648 /* SessionData.swift */ = {isa = PBXFileReference; lastKnownFileType = sourcecode.swift; path = SessionData.swift; sourceTree = "<group>"; };
		49B2B08BF080A80D78B9BFEF /* SubscriptionWallView.swift */ = {isa = PBXFileReference; includeInIndex = 1; lastKnownFileType = sourcecode.swift; path = SubscriptionWallView.swift; sourceTree = "<group>"; };
		51514D0E567348A2BB0BBE53 /* PasteParser.swift */ = {isa = PBXFileReference; lastKnownFileType = sourcecode.swift; path = PasteParser.swift; sourceTree = "<group>"; };
		548F4090476FACBAEDAD5FB3 /* PlancheFloatingView.swift */ = {isa = PBXFileReference; includeInIndex = 1; lastKnownFileType = sourcecode.swift; path = PlancheFloatingView.swift; sourceTree = "<group>"; };
		54E0597D9F2210FDFF6FCEF6 /* ProvocationView.swift */ = {isa = PBXFileReference; includeInIndex = 1; lastKnownFileType = sourcecode.swift; path = ProvocationView.swift; sourceTree = "<group>"; };
		552FDB96338C7493E6435455 /* PR07HistoriquesTab.swift */ = {isa = PBXFileReference; includeInIndex = 1; lastKnownFileType = sourcecode.swift; path = PR07HistoriquesTab.swift; sourceTree = "<group>"; };
		594AD209FEA0F3343E316DD9 /* ParasiteEnergyData.swift */ = {isa = PBXFileReference; includeInIndex = 1; lastKnownFileType = sourcecode.swift; path = ParasiteEnergyData.swift; sourceTree = "<group>"; };
		6CEFC36F616E341659BAB2AC /* ResearchProgramsView.swift */ = {isa = PBXFileReference; includeInIndex = 1; lastKnownFileType = sourcecode.swift; path = ResearchProgramsView.swift; sourceTree = "<group>"; };
		8E3C8036B3674B24AA785EC0 /* PierresTab.swift */ = {isa = PBXFileReference; lastKnownFileType = sourcecode.swift; path = PierresTab.swift; sourceTree = "<group>"; };
		8E4D14342F6E9E0900F9996A /* SLMTab.swift */ = {isa = PBXFileReference; fileEncoding = 4; lastKnownFileType = sourcecode.swift; name = SLMTab.swift; path = "SVLBH Panel/Views/SLMTab.swift"; sourceTree = "<group>"; };
		8E7964C52F6E4D110051060A /* SVLBH Panel.app */ = {isa = PBXFileReference; explicitFileType = wrapper.application; includeInIndex = 0; path = "SVLBH Panel.app"; sourceTree = BUILT_PRODUCTS_DIR; };
		8E7964C82F6E4D110051060A /* SVLBH_PanelApp.swift */ = {isa = PBXFileReference; lastKnownFileType = sourcecode.swift; path = SVLBH_PanelApp.swift; sourceTree = "<group>"; };
		8E7964D12F6E4D120051060A /* Assets.xcassets */ = {isa = PBXFileReference; lastKnownFileType = folder.assetcatalog; path = Assets.xcassets; sourceTree = "<group>"; };
		8E7964D32F6E4D120051060A /* SVLBH_Panel.entitlements */ = {isa = PBXFileReference; lastKnownFileType = text.plist.entitlements; path = SVLBH_Panel.entitlements; sourceTree = "<group>"; };
		8E7964D52F6E4D120051060A /* Preview Assets.xcassets */ = {isa = PBXFileReference; lastKnownFileType = folder.assetcatalog; path = "Preview Assets.xcassets"; sourceTree = "<group>"; };
		8E7964DB2F6E4D120051060A /* SVLBH PanelTests.xctest */ = {isa = PBXFileReference; explicitFileType = wrapper.cfbundle; includeInIndex = 0; path = "SVLBH PanelTests.xctest"; sourceTree = BUILT_PRODUCTS_DIR; };
		8E7964DF2F6E4D120051060A /* SVLBH_PanelTests.swift */ = {isa = PBXFileReference; lastKnownFileType = sourcecode.swift; path = SVLBH_PanelTests.swift; sourceTree = "<group>"; };
		8E7964E52F6E4D120051060A /* SVLBH PanelUITests.xctest */ = {isa = PBXFileReference; explicitFileType = wrapper.cfbundle; includeInIndex = 0; path = "SVLBH PanelUITests.xctest"; sourceTree = BUILT_PRODUCTS_DIR; };
		8E7964E92F6E4D120051060A /* SVLBH_PanelUITests.swift */ = {isa = PBXFileReference; lastKnownFileType = sourcecode.swift; path = SVLBH_PanelUITests.swift; sourceTree = "<group>"; };
		8E7964EB2F6E4D120051060A /* SVLBH_PanelUITestsLaunchTests.swift */ = {isa = PBXFileReference; lastKnownFileType = sourcecode.swift; path = SVLBH_PanelUITestsLaunchTests.swift; sourceTree = "<group>"; };
		9D0FFBAA031EBC812F4DEF47 /* SessionClosureView.swift */ = {isa = PBXFileReference; includeInIndex = 1; lastKnownFileType = sourcecode.swift; path = SessionClosureView.swift; sourceTree = "<group>"; };
		9D75077909103EBB8EFC9C2D /* SubscriptionService.swift */ = {isa = PBXFileReference; includeInIndex = 1; lastKnownFileType = sourcecode.swift; path = SubscriptionService.swift; sourceTree = "<group>"; };
		A0C7A26CEE8A4E5F91325330 /* DiffLogView.swift */ = {isa = PBXFileReference; lastKnownFileType = sourcecode.swift; path = DiffLogView.swift; sourceTree = "<group>"; };
		A10CF5DB221742EFABD40371 /* ChakrasTab.swift */ = {isa = PBXFileReference; lastKnownFileType = sourcecode.swift; path = ChakrasTab.swift; sourceTree = "<group>"; };
		A1B2C3D4E5F6 /* SegmentUpdateService.swift */ = {isa = PBXFileReference; lastKnownFileType = sourcecode.swift; path = SegmentUpdateService.swift; sourceTree = "<group>"; };
		A9B1C0AC86379A98F91710B1 /* SessionHistoryView.swift */ = {isa = PBXFileReference; includeInIndex = 1; lastKnownFileType = sourcecode.swift; path = SessionHistoryView.swift; sourceTree = "<group>"; };
		ROUT0001BBBB00000001BBBB /* RoutineMatinTab.swift */ = {isa = PBXFileReference; lastKnownFileType = sourcecode.swift; path = RoutineMatinTab.swift; sourceTree = "<group>"; };
		AB945055DBF440D689CC4DAA /* SVLBHTab.swift */ = {isa = PBXFileReference; lastKnownFileType = sourcecode.swift; path = SVLBHTab.swift; sourceTree = "<group>"; };
		B3D93D35E16BC40CB1968846 /* SessionTracker.swift */ = {isa = PBXFileReference; includeInIndex = 1; lastKnownFileType = sourcecode.swift; path = SessionTracker.swift; sourceTree = "<group>"; };
		BCCECE0BAFE24CD3E968FC97 /* PR05GlycemiesTab.swift */ = {isa = PBXFileReference; includeInIndex = 1; lastKnownFileType = sourcecode.swift; path = PR05GlycemiesTab.swift; sourceTree = "<group>"; };
		C14F4DE41214AAADCA850495 /* ConditionsPortesView.swift */ = {isa = PBXFileReference; includeInIndex = 1; lastKnownFileType = sourcecode.swift; path = ConditionsPortesView.swift; sourceTree = "<group>"; };
		CB4DACFC8E6B2DD8D0BCA56A /* PorteEnergetiqueData.swift */ = {isa = PBXFileReference; includeInIndex = 1; lastKnownFileType = sourcecode.swift; path = PorteEnergetiqueData.swift; sourceTree = "<group>"; };
		CE016A20B4C74FA8B7654321 /* SessionExporter.swift */ = {isa = PBXFileReference; lastKnownFileType = sourcecode.swift; path = SessionExporter.swift; sourceTree = "<group>"; };
		D118F80AA4F347F0A9F10053 /* SyncBar.swift */ = {isa = PBXFileReference; lastKnownFileType = sourcecode.swift; path = SyncBar.swift; sourceTree = "<group>"; };
		D15TR1B0VIEW00010000002 /* DistributionView.swift */ = {isa = PBXFileReference; lastKnownFileType = sourcecode.swift; path = DistributionView.swift; sourceTree = "<group>"; };
		D175F2BCE30C90B7C0FC8888 /* PierreEnseignement.swift */ = {isa = PBXFileReference; includeInIndex = 1; lastKnownFileType = sourcecode.swift; path = PierreEnseignement.swift; sourceTree = "<group>"; };
		D29202852DE5D9C6D4D507A8 /* PR09SclerosesTab.swift */ = {isa = PBXFileReference; includeInIndex = 1; lastKnownFileType = sourcecode.swift; path = PR09SclerosesTab.swift; sourceTree = "<group>"; };
		D4FD2DBCE6114AB18D677019 /* PR03EndometreTab.swift */ = {isa = PBXFileReference; includeInIndex = 1; lastKnownFileType = sourcecode.swift; path = PR03EndometreTab.swift; sourceTree = "<group>"; };
		D983E04A64C189A5DC0D8241 /* SessionHistory.swift */ = {isa = PBXFileReference; includeInIndex = 1; lastKnownFileType = sourcecode.swift; path = SessionHistory.swift; sourceTree = "<group>"; };
		E1A70032EXPORT0141BCCF02 /* ExportView.swift */ = {isa = PBXFileReference; lastKnownFileType = sourcecode.swift; path = ExportView.swift; sourceTree = "<group>"; };
		F14B0010C5BF4E3980BC7DC6 /* PasteImportView.swift */ = {isa = PBXFileReference; lastKnownFileType = sourcecode.swift; path = PasteImportView.swift; sourceTree = "<group>"; };
		F55BDB302F39A5E1266DF1F5 /* PasserelleTab.swift */ = {isa = PBXFileReference; includeInIndex = 1; lastKnownFileType = sourcecode.swift; path = PasserelleTab.swift; sourceTree = "<group>"; };
		LEAD0001BBBB00000001BBBB /* LeadBubbleTab.swift */ = {isa = PBXFileReference; lastKnownFileType = sourcecode.swift; path = LeadBubbleTab.swift; sourceTree = "<group>"; };
		ONBO0001BBBB00000001BBBB /* OnboardingView.swift */ = {isa = PBXFileReference; lastKnownFileType = sourcecode.swift; path = OnboardingView.swift; sourceTree = "<group>"; };
		PTAC0001BBBB00000001BBBB /* PlancheTactiqueTab.swift */ = {isa = PBXFileReference; lastKnownFileType = sourcecode.swift; path = PlancheTactiqueTab.swift; sourceTree = "<group>"; };
		R3F5Y5T3M0VIEW0000002 /* ReferenceSystemView.swift */ = {isa = PBXFileReference; lastKnownFileType = sourcecode.swift; path = ReferenceSystemView.swift; sourceTree = "<group>"; };
/* End PBXFileReference section */

/* Begin PBXFrameworksBuildPhase section */
		8E7964C22F6E4D100051060A /* Frameworks */ = {
			isa = PBXFrameworksBuildPhase;
			buildActionMask = 2147483647;
			files = (
			);
			runOnlyForDeploymentPostprocessing = 0;
		};
		8E7964D82F6E4D120051060A /* Frameworks */ = {
			isa = PBXFrameworksBuildPhase;
			buildActionMask = 2147483647;
			files = (
			);
			runOnlyForDeploymentPostprocessing = 0;
		};
		8E7964E22F6E4D120051060A /* Frameworks */ = {
			isa = PBXFrameworksBuildPhase;
			buildActionMask = 2147483647;
			files = (
			);
			runOnlyForDeploymentPostprocessing = 0;
		};
/* End PBXFrameworksBuildPhase section */

/* Begin PBXGroup section */
		567E65D9DB58443D9115DB93 /* Models */ = {
			isa = PBXGroup;
			children = (
				42822705CB334E3795AE1648 /* SessionData.swift */,
				04103650C0AA4F4D9EDF8936 /* DimensionsData.swift */,
				594AD209FEA0F3343E316DD9 /* ParasiteEnergyData.swift */,
				B3D93D35E16BC40CB1968846 /* SessionTracker.swift */,
				CB4DACFC8E6B2DD8D0BCA56A /* PorteEnergetiqueData.swift */,
				D983E04A64C189A5DC0D8241 /* SessionHistory.swift */,
				D175F2BCE30C90B7C0FC8888 /* PierreEnseignement.swift */,
			);
			path = Models;
			sourceTree = "<group>";
		};
		8E7964BC2F6E4D100051060A = {
			isa = PBXGroup;
			children = (
				8E4D14342F6E9E0900F9996A /* SLMTab.swift */,
				8E7964C72F6E4D110051060A /* SVLBH Panel */,
				8E7964DE2F6E4D120051060A /* SVLBH PanelTests */,
				8E7964E82F6E4D120051060A /* SVLBH PanelUITests */,
				8E7964C62F6E4D110051060A /* Products */,
			);
			sourceTree = "<group>";
		};
		8E7964C62F6E4D110051060A /* Products */ = {
			isa = PBXGroup;
			children = (
				8E7964C52F6E4D110051060A /* SVLBH Panel.app */,
				8E7964DB2F6E4D120051060A /* SVLBH PanelTests.xctest */,
				8E7964E52F6E4D120051060A /* SVLBH PanelUITests.xctest */,
			);
			name = Products;
			sourceTree = "<group>";
		};
		8E7964C72F6E4D110051060A /* SVLBH Panel */ = {
			isa = PBXGroup;
			children = (
				398A95DE26124552B401B80A /* SVLBHPanelApp.swift */,
				8E7964C82F6E4D110051060A /* SVLBH_PanelApp.swift */,
				567E65D9DB58443D9115DB93 /* Models */,
				CB6A903E60E9453B814FED4F /* Services */,
				D73360B41006421B9DE7938F /* Views */,
				8E7964D12F6E4D120051060A /* Assets.xcassets */,
				8E7964D32F6E4D120051060A /* SVLBH_Panel.entitlements */,
				8E7964D42F6E4D120051060A /* Preview Content */,
			);
			path = "SVLBH Panel";
			sourceTree = "<group>";
		};
		8E7964D42F6E4D120051060A /* Preview Content */ = {
			isa = PBXGroup;
			children = (
				8E7964D52F6E4D120051060A /* Preview Assets.xcassets */,
			);
			path = "Preview Content";
			sourceTree = "<group>";
		};
		8E7964DE2F6E4D120051060A /* SVLBH PanelTests */ = {
			isa = PBXGroup;
			children = (
				8E7964DF2F6E4D120051060A /* SVLBH_PanelTests.swift */,
			);
			path = "SVLBH PanelTests";
			sourceTree = "<group>";
		};
		8E7964E82F6E4D120051060A /* SVLBH PanelUITests */ = {
			isa = PBXGroup;
			children = (
				8E7964E92F6E4D120051060A /* SVLBH_PanelUITests.swift */,
				8E7964EB2F6E4D120051060A /* SVLBH_PanelUITestsLaunchTests.swift */,
			);
			path = "SVLBH PanelUITests";
			sourceTree = "<group>";
		};
		CB6A903E60E9453B814FED4F /* Services */ = {
			isa = PBXGroup;
			children = (
				3A33667F10A749C2B23E1403 /* MakeSyncService.swift */,
				A1B2C3D4E5F6 /* SegmentUpdateService.swift */,
				51514D0E567348A2BB0BBE53 /* PasteParser.swift */,
				CE016A20B4C74FA8B7654321 /* SessionExporter.swift */,
				298C62119865A99EDDEA7070 /* PresenceService.swift */,
				9D75077909103EBB8EFC9C2D /* SubscriptionService.swift */,
				B1A2C3D4E5F60002A1B2C3D4 /* BuildGateService.swift */,
			);
			path = Services;
			sourceTree = "<group>";
		};
		D73360B41006421B9DE7938F /* Views */ = {
			isa = PBXGroup;
			children = (
				2CC3751FB08544D692E1C695 /* MainTabView.swift */,
				D118F80AA4F347F0A9F10053 /* SyncBar.swift */,
				AB945055DBF440D689CC4DAA /* SVLBHTab.swift */,
				A0C7A26CEE8A4E5F91325330 /* DiffLogView.swift */,
				LEAD0001BBBB00000001BBBB /* LeadBubbleTab.swift */,
				ONBO0001BBBB00000001BBBB /* OnboardingView.swift */,
				A10CF5DB221742EFABD40371 /* ChakrasTab.swift */,
				8E3C8036B3674B24AA785EC0 /* PierresTab.swift */,
				3900240D6A13450BA9326F25 /* DecodageTab.swift */,
				F14B0010C5BF4E3980BC7DC6 /* PasteImportView.swift */,
				E1A70032EXPORT0141BCCF02 /* ExportView.swift */,
				D15TR1B0VIEW00010000002 /* DistributionView.swift */,
				R3F5Y5T3M0VIEW0000002 /* ReferenceSystemView.swift */,
				PTAC0001BBBB00000001BBBB /* PlancheTactiqueTab.swift */,
				54E0597D9F2210FDFF6FCEF6 /* ProvocationView.swift */,
				3FC162E701B3A3C64193617B /* SessionBreadcrumbBar.swift */,
				165D3DC5CABA1DE7330C4084 /* SessionTimelinePanel.swift */,
				9D0FFBAA031EBC812F4DEF47 /* SessionClosureView.swift */,
				548F4090476FACBAEDAD5FB3 /* PlancheFloatingView.swift */,
				C14F4DE41214AAADCA850495 /* ConditionsPortesView.swift */,
				07A21B6576179D4CBD117499 /* PorteSelector.swift */,
				0532858F4AF5AF4BCDAA5EA8 /* PorteSelectorCompact.swift */,
				49B2B08BF080A80D78B9BFEF /* SubscriptionWallView.swift */,
				A9B1C0AC86379A98F91710B1 /* SessionHistoryView.swift */,
				ROUT0001BBBB00000001BBBB /* RoutineMatinTab.swift */,
				F55BDB302F39A5E1266DF1F5 /* PasserelleTab.swift */,
				6CEFC36F616E341659BAB2AC /* ResearchProgramsView.swift */,
				D4FD2DBCE6114AB18D677019 /* PR03EndometreTab.swift */,
				BCCECE0BAFE24CD3E968FC97 /* PR05GlycemiesTab.swift */,
				552FDB96338C7493E6435455 /* PR07HistoriquesTab.swift */,
				D29202852DE5D9C6D4D507A8 /* PR09SclerosesTab.swift */,
				386FAEF548C6AD12E862A293 /* EtApresTab.swift */,
				B1A2C3D4E5F60004A1B2C3D4 /* BuildGateView.swift */,
			);
			path = Views;
			sourceTree = "<group>";
		};
/* End PBXGroup section */

/* Begin PBXNativeTarget section */
		8E7964C42F6E4D100051060A /* SVLBH Panel */ = {
			isa = PBXNativeTarget;
			buildConfigurationList = 8E7964EF2F6E4D120051060A /* Build configuration list for PBXNativeTarget "SVLBH Panel" */;
			buildPhases = (
				8E7964C12F6E4D100051060A /* Sources */,
				8E7964C22F6E4D100051060A /* Frameworks */,
				8E7964C32F6E4D100051060A /* Resources */,
			);
			buildRules = (
			);
			dependencies = (
			);
			name = "SVLBH Panel";
			productName = "SVLBH Panel";
			productReference = 8E7964C52F6E4D110051060A /* SVLBH Panel.app */;
			productType = "com.apple.product-type.application";
		};
		8E7964DA2F6E4D120051060A /* SVLBH PanelTests */ = {
			isa = PBXNativeTarget;
			buildConfigurationList = 8E7964F22F6E4D120051060A /* Build configuration list for PBXNativeTarget "SVLBH PanelTests" */;
			buildPhases = (
				8E7964D72F6E4D120051060A /* Sources */,
				8E7964D82F6E4D120051060A /* Frameworks */,
				8E7964D92F6E4D120051060A /* Resources */,
			);
			buildRules = (
			);
			dependencies = (
				8E7964DD2F6E4D120051060A /* PBXTargetDependency */,
			);
			name = "SVLBH PanelTests";
			productName = "SVLBH PanelTests";
			productReference = 8E7964DB2F6E4D120051060A /* SVLBH PanelTests.xctest */;
			productType = "com.apple.product-type.bundle.unit-test";
		};
		8E7964E42F6E4D120051060A /* SVLBH PanelUITests */ = {
			isa = PBXNativeTarget;
			buildConfigurationList = 8E7964F52F6E4D120051060A /* Build configuration list for PBXNativeTarget "SVLBH PanelUITests" */;
			buildPhases = (
				8E7964E12F6E4D120051060A /* Sources */,
				8E7964E22F6E4D120051060A /* Frameworks */,
				8E7964E32F6E4D120051060A /* Resources */,
			);
			buildRules = (
			);
			dependencies = (
				8E7964E72F6E4D120051060A /* PBXTargetDependency */,
			);
			name = "SVLBH PanelUITests";
			productName = "SVLBH PanelUITests";
			productReference = 8E7964E52F6E4D120051060A /* SVLBH PanelUITests.xctest */;
			productType = "com.apple.product-type.bundle.ui-testing";
		};
/* End PBXNativeTarget section */

/* Begin PBXProject section */
		8E7964BD2F6E4D100051060A /* Project object */ = {
			isa = PBXProject;
			attributes = {
				BuildIndependentTargetsInParallel = 1;
				LastSwiftUpdateCheck = 1420;
				LastUpgradeCheck = 1420;
				TargetAttributes = {
					8E7964C42F6E4D100051060A = {
						CreatedOnToolsVersion = 14.2;
					};
					8E7964DA2F6E4D120051060A = {
						CreatedOnToolsVersion = 14.2;
						TestTargetID = 8E7964C42F6E4D100051060A;
					};
					8E7964E42F6E4D120051060A = {
						CreatedOnToolsVersion = 14.2;
						TestTargetID = 8E7964C42F6E4D100051060A;
					};
				};
			};
			buildConfigurationList = 8E7964C02F6E4D100051060A /* Build configuration list for PBXProject "SVLBH Panel" */;
			compatibilityVersion = "Xcode 14.0";
			developmentRegion = en;
			hasScannedForEncodings = 0;
			knownRegions = (
				en,
				Base,
			);
			mainGroup = 8E7964BC2F6E4D100051060A;
			productRefGroup = 8E7964C62F6E4D110051060A /* Products */;
			projectDirPath = "";
			projectRoot = "";
			targets = (
				8E7964C42F6E4D100051060A /* SVLBH Panel */,
				8E7964DA2F6E4D120051060A /* SVLBH PanelTests */,
				8E7964E42F6E4D120051060A /* SVLBH PanelUITests */,
			);
		};
/* End PBXProject section */

/* Begin PBXResourcesBuildPhase section */
		8E7964C32F6E4D100051060A /* Resources */ = {
			isa = PBXResourcesBuildPhase;
			buildActionMask = 2147483647;
			files = (
				8E7964D62F6E4D120051060A /* Preview Assets.xcassets in Resources */,
				8E7964D22F6E4D120051060A /* Assets.xcassets in Resources */,
			);
			runOnlyForDeploymentPostprocessing = 0;
		};
		8E7964D92F6E4D120051060A /* Resources */ = {
			isa = PBXResourcesBuildPhase;
			buildActionMask = 2147483647;
			files = (
			);
			runOnlyForDeploymentPostprocessing = 0;
		};
		8E7964E32F6E4D120051060A /* Resources */ = {
			isa = PBXResourcesBuildPhase;
			buildActionMask = 2147483647;
			files = (
			);
			runOnlyForDeploymentPostprocessing = 0;
		};
/* End PBXResourcesBuildPhase section */

/* Begin PBXSourcesBuildPhase section */
		8E7964C12F6E4D100051060A /* Sources */ = {
			isa = PBXSourcesBuildPhase;
			buildActionMask = 2147483647;
			files = (
				8E7964C92F6E4D110051060A /* SVLBH_PanelApp.swift in Sources */,
				96FA78B46A38496C93D6083B /* SVLBHPanelApp.swift in Sources */,
				BE256CD665AC4C8BBC60C795 /* SessionData.swift in Sources */,
				C8AA840C76844930B7546E39 /* DimensionsData.swift in Sources */,
				4C3372F287014F868EA82C30 /* MakeSyncService.swift in Sources */,
				F6E5D4C3B2A1 /* SegmentUpdateService.swift in Sources */,
				07BC6F608F514688855FAE54 /* PasteParser.swift in Sources */,
				856FF56CE14749B8A1930003 /* MainTabView.swift in Sources */,
				DD3D9550AD11405F97934FB7 /* SyncBar.swift in Sources */,
				DB5903C0810C456ABC7FEBB6 /* SVLBHTab.swift in Sources */,
				913D0B0F8A6A45E1A742C1FC /* DiffLogView.swift in Sources */,
				LEAD0001AAAA00000001AAAA /* LeadBubbleTab.swift in Sources */,
				ONBO0001AAAA00000001AAAA /* OnboardingView.swift in Sources */,
				8E4D14352F6E9E0900F9996A /* SLMTab.swift in Sources */,
				C679E1BE195E44EDBDBA2DC3 /* ChakrasTab.swift in Sources */,
				82A46D9D05844DBE9D122144 /* PierresTab.swift in Sources */,
				3895653ABD944D9980D993FE /* DecodageTab.swift in Sources */,
				FA496127934948D69587803F /* PasteImportView.swift in Sources */,
				E1A70032EXPORT0141BCCF01 /* ExportView.swift in Sources */,
				CE016A20B4C74FA8B1234567 /* SessionExporter.swift in Sources */,
				D15TR1B0VIEW00010000001 /* DistributionView.swift in Sources */,
				R3F5Y5T3M0VIEW0000001 /* ReferenceSystemView.swift in Sources */,
				PTAC0001AAAA00000001AAAA /* PlancheTactiqueTab.swift in Sources */,
				6512716BF1D3ECAF2FA58EC4 /* PresenceService.swift in Sources */,
				7C6D954A5F205EA1012A6096 /* ParasiteEnergyData.swift in Sources */,
				BBA79F225B832B794210F148 /* ProvocationView.swift in Sources */,
				C2F84CFFF4EC5522B55B2F1A /* SessionTracker.swift in Sources */,
				C4548B3E270133359C834E7E /* SessionBreadcrumbBar.swift in Sources */,
				C27652A06C632886943E91D5 /* SessionTimelinePanel.swift in Sources */,
				131D886D7C8C7ADB6C3CD3CE /* SessionClosureView.swift in Sources */,
				36E1BA5FFE356FA0F1A270F2 /* PlancheFloatingView.swift in Sources */,
				6BC32FDEF49244CCE17009F9 /* PorteEnergetiqueData.swift in Sources */,
				BE3A34F085D7B202764622E0 /* ConditionsPortesView.swift in Sources */,
				9C770E585E6E8752C77EE527 /* PorteSelector.swift in Sources */,
				CEFDC1DF1923BCF407A6A338 /* PorteSelectorCompact.swift in Sources */,
				2E118F7C59FEBE02688D7A0B /* SubscriptionService.swift in Sources */,
				B08A4FB7DC9161909FD72C6D /* SubscriptionWallView.swift in Sources */,
				0188CEEA9D6B1991B3AD447C /* SessionHistory.swift in Sources */,
				FAE55C7281C7B1769E4B8706 /* SessionHistoryView.swift in Sources */,
				ROUT0001AAAA00000001AAAA /* RoutineMatinTab.swift in Sources */,
				F20BE258FD441F4306FF6CD8 /* PasserelleTab.swift in Sources */,
				4E5B663D5A6C1FB9E4ACCCC3 /* ResearchProgramsView.swift in Sources */,
				DF02F1B950D17B7A58A2E421 /* PierreEnseignement.swift in Sources */,
				B3190A932FD48AA852197324 /* PR03EndometreTab.swift in Sources */,
				69A263770DAD3ED708F10A6E /* PR05GlycemiesTab.swift in Sources */,
				4A8F67FA65B3C40B85467627 /* PR07HistoriquesTab.swift in Sources */,
				A27E60C24738A6B7DADC0466 /* PR09SclerosesTab.swift in Sources */,
				299DC41AD395D3AA5F35997A /* EtApresTab.swift in Sources */,
				B1A2C3D4E5F60001A1B2C3D4 /* BuildGateService.swift in Sources */,
				B1A2C3D4E5F60003A1B2C3D4 /* BuildGateView.swift in Sources */,
			);
			runOnlyForDeploymentPostprocessing = 0;
		};
		8E7964D72F6E4D120051060A /* Sources */ = {
			isa = PBXSourcesBuildPhase;
			buildActionMask = 2147483647;
			files = (
				8E7964E02F6E4D120051060A /* SVLBH_PanelTests.swift in Sources */,
			);
			runOnlyForDeploymentPostprocessing = 0;
		};
		8E7964E12F6E4D120051060A /* Sources */ = {
			isa = PBXSourcesBuildPhase;
			buildActionMask = 2147483647;
			files = (
				8E7964EA2F6E4D120051060A /* SVLBH_PanelUITests.swift in Sources */,
				8E7964EC2F6E4D120051060A /* SVLBH_PanelUITestsLaunchTests.swift in Sources */,
			);
			runOnlyForDeploymentPostprocessing = 0;
		};
/* End PBXSourcesBuildPhase section */

/* Begin PBXTargetDependency section */
		8E7964DD2F6E4D120051060A /* PBXTargetDependency */ = {
			isa = PBXTargetDependency;
			target = 8E7964C42F6E4D100051060A /* SVLBH Panel */;
			targetProxy = 8E7964DC2F6E4D120051060A /* PBXContainerItemProxy */;
		};
		8E7964E72F6E4D120051060A /* PBXTargetDependency */ = {
			isa = PBXTargetDependency;
			target = 8E7964C42F6E4D100051060A /* SVLBH Panel */;
			targetProxy = 8E7964E62F6E4D120051060A /* PBXContainerItemProxy */;
		};
/* End PBXTargetDependency section */

/* Begin XCBuildConfiguration section */
		8E7964ED2F6E4D120051060A /* Debug */ = {
			isa = XCBuildConfiguration;
			buildSettings = {
				ALWAYS_SEARCH_USER_PATHS = NO;
				CLANG_ANALYZER_NONNULL = YES;
				CLANG_ANALYZER_NUMBER_OBJECT_CONVERSION = YES_AGGRESSIVE;
				CLANG_CXX_LANGUAGE_STANDARD = "gnu++20";
				CLANG_ENABLE_MODULES = YES;
				CLANG_ENABLE_OBJC_ARC = YES;
				CLANG_ENABLE_OBJC_WEAK = YES;
				CLANG_WARN_BLOCK_CAPTURE_AUTORELEASING = YES;
				CLANG_WARN_BOOL_CONVERSION = YES;
				CLANG_WARN_COMMA = YES;
				CLANG_WARN_CONSTANT_CONVERSION = YES;
				CLANG_WARN_DEPRECATED_OBJC_IMPLEMENTATIONS = YES;
				CLANG_WARN_DIRECT_OBJC_ISA_USAGE = YES_ERROR;
				CLANG_WARN_DOCUMENTATION_COMMENTS = YES;
				CLANG_WARN_EMPTY_BODY = YES;
				CLANG_WARN_ENUM_CONVERSION = YES;
				CLANG_WARN_INFINITE_RECURSION = YES;
				CLANG_WARN_INT_CONVERSION = YES;
				CLANG_WARN_NON_LITERAL_NULL_CONVERSION = YES;
				CLANG_WARN_OBJC_IMPLICIT_RETAIN_SELF = YES;
				CLANG_WARN_OBJC_LITERAL_CONVERSION = YES;
				CLANG_WARN_OBJC_ROOT_CLASS = YES_ERROR;
				CLANG_WARN_QUOTED_INCLUDE_IN_FRAMEWORK_HEADER = YES;
				CLANG_WARN_RANGE_LOOP_ANALYSIS = YES;
				CLANG_WARN_STRICT_PROTOTYPES = YES;
				CLANG_WARN_SUSPICIOUS_MOVE = YES;
				CLANG_WARN_UNGUARDED_AVAILABILITY = YES_AGGRESSIVE;
				CLANG_WARN_UNREACHABLE_CODE = YES;
				CLANG_WARN__DUPLICATE_METHOD_MATCH = YES;
				COPY_PHASE_STRIP = NO;
				DEBUG_INFORMATION_FORMAT = dwarf;
				ENABLE_STRICT_OBJC_MSGSEND = YES;
				ENABLE_TESTABILITY = YES;
				GCC_C_LANGUAGE_STANDARD = gnu11;
				GCC_DYNAMIC_NO_PIC = NO;
				GCC_NO_COMMON_BLOCKS = YES;
				GCC_OPTIMIZATION_LEVEL = 0;
				GCC_PREPROCESSOR_DEFINITIONS = (
					"DEBUG=1",
					"$(inherited)",
				);
				GCC_WARN_64_TO_32_BIT_CONVERSION = YES;
				GCC_WARN_ABOUT_RETURN_TYPE = YES_ERROR;
				GCC_WARN_UNDECLARED_SELECTOR = YES;
				GCC_WARN_UNINITIALIZED_AUTOS = YES_AGGRESSIVE;
				GCC_WARN_UNUSED_FUNCTION = YES;
				GCC_WARN_UNUSED_VARIABLE = YES;
				MTL_ENABLE_DEBUG_INFO = INCLUDE_SOURCE;
				MTL_FAST_MATH = YES;
				ONLY_ACTIVE_ARCH = YES;
				SWIFT_ACTIVE_COMPILATION_CONDITIONS = DEBUG;
				SWIFT_OPTIMIZATION_LEVEL = "-Onone";
			};
			name = Debug;
		};
		8E7964EE2F6E4D120051060A /* Release */ = {
			isa = XCBuildConfiguration;
			buildSettings = {
				ALWAYS_SEARCH_USER_PATHS = NO;
				CLANG_ANALYZER_NONNULL = YES;
				CLANG_ANALYZER_NUMBER_OBJECT_CONVERSION = YES_AGGRESSIVE;
				CLANG_CXX_LANGUAGE_STANDARD = "gnu++20";
				CLANG_ENABLE_MODULES = YES;
				CLANG_ENABLE_OBJC_ARC = YES;
				CLANG_ENABLE_OBJC_WEAK = YES;
				CLANG_WARN_BLOCK_CAPTURE_AUTORELEASING = YES;
				CLANG_WARN_BOOL_CONVERSION = YES;
				CLANG_WARN_COMMA = YES;
				CLANG_WARN_CONSTANT_CONVERSION = YES;
				CLANG_WARN_DEPRECATED_OBJC_IMPLEMENTATIONS = YES;
				CLANG_WARN_DIRECT_OBJC_ISA_USAGE = YES_ERROR;
				CLANG_WARN_DOCUMENTATION_COMMENTS = YES;
				CLANG_WARN_EMPTY_BODY = YES;
				CLANG_WARN_ENUM_CONVERSION = YES;
				CLANG_WARN_INFINITE_RECURSION = YES;
				CLANG_WARN_INT_CONVERSION = YES;
				CLANG_WARN_NON_LITERAL_NULL_CONVERSION = YES;
				CLANG_WARN_OBJC_IMPLICIT_RETAIN_SELF = YES;
				CLANG_WARN_OBJC_LITERAL_CONVERSION = YES;
				CLANG_WARN_OBJC_ROOT_CLASS = YES_ERROR;
				CLANG_WARN_QUOTED_INCLUDE_IN_FRAMEWORK_HEADER = YES;
				CLANG_WARN_RANGE_LOOP_ANALYSIS = YES;
				CLANG_WARN_STRICT_PROTOTYPES = YES;
				CLANG_WARN_SUSPICIOUS_MOVE = YES;
				CLANG_WARN_UNGUARDED_AVAILABILITY = YES_AGGRESSIVE;
				CLANG_WARN_UNREACHABLE_CODE = YES;
				CLANG_WARN__DUPLICATE_METHOD_MATCH = YES;
				COPY_PHASE_STRIP = NO;
				DEBUG_INFORMATION_FORMAT = "dwarf-with-dsym";
				ENABLE_NS_ASSERTIONS = NO;
				ENABLE_STRICT_OBJC_MSGSEND = YES;
				GCC_C_LANGUAGE_STANDARD = gnu11;
				GCC_NO_COMMON_BLOCKS = YES;
				GCC_WARN_64_TO_32_BIT_CONVERSION = YES;
				GCC_WARN_ABOUT_RETURN_TYPE = YES_ERROR;
				GCC_WARN_UNDECLARED_SELECTOR = YES;
				GCC_WARN_UNINITIALIZED_AUTOS = YES_AGGRESSIVE;
				GCC_WARN_UNUSED_FUNCTION = YES;
				GCC_WARN_UNUSED_VARIABLE = YES;
				MTL_ENABLE_DEBUG_INFO = NO;
				MTL_FAST_MATH = YES;
				SWIFT_COMPILATION_MODE = wholemodule;
				SWIFT_OPTIMIZATION_LEVEL = "-O";
			};
			name = Release;
		};
		8E7964F02F6E4D120051060A /* Debug */ = {
			isa = XCBuildConfiguration;
			buildSettings = {
				ASSETCATALOG_COMPILER_APPICON_NAME = AppIcon;
				ASSETCATALOG_COMPILER_GLOBAL_ACCENT_COLOR_NAME = AccentColor;
				CODE_SIGN_ENTITLEMENTS = "SVLBH Panel/SVLBH_Panel.entitlements";
				CODE_SIGN_STYLE = Automatic;
				CURRENT_PROJECT_VERSION = 67;
				DEVELOPMENT_ASSET_PATHS = "\"SVLBH Panel/Preview Content\"";
				DEVELOPMENT_TEAM = NKJ86L447D;
				ENABLE_HARDENED_RUNTIME = YES;
				ENABLE_PREVIEWS = YES;
				GENERATE_INFOPLIST_FILE = YES;
				"INFOPLIST_KEY_UIApplicationSceneManifest_Generation[sdk=iphoneos*]" = YES;
				"INFOPLIST_KEY_UIApplicationSceneManifest_Generation[sdk=iphonesimulator*]" = YES;
				"INFOPLIST_KEY_UIApplicationSupportsIndirectInputEvents[sdk=iphoneos*]" = YES;
				"INFOPLIST_KEY_UIApplicationSupportsIndirectInputEvents[sdk=iphonesimulator*]" = YES;
				"INFOPLIST_KEY_UILaunchScreen_Generation[sdk=iphoneos*]" = YES;
				"INFOPLIST_KEY_UILaunchScreen_Generation[sdk=iphonesimulator*]" = YES;
				"INFOPLIST_KEY_UIStatusBarStyle[sdk=iphoneos*]" = UIStatusBarStyleDefault;
				"INFOPLIST_KEY_UIStatusBarStyle[sdk=iphonesimulator*]" = UIStatusBarStyleDefault;
				INFOPLIST_KEY_UISupportedInterfaceOrientations_iPad = "UIInterfaceOrientationPortrait UIInterfaceOrientationPortraitUpsideDown UIInterfaceOrientationLandscapeLeft UIInterfaceOrientationLandscapeRight";
				INFOPLIST_KEY_UISupportedInterfaceOrientations_iPhone = "UIInterfaceOrientationPortrait UIInterfaceOrientationLandscapeLeft UIInterfaceOrientationLandscapeRight";
				IPHONEOS_DEPLOYMENT_TARGET = 16.2;
				LD_RUNPATH_SEARCH_PATHS = "@executable_path/Frameworks";
				"LD_RUNPATH_SEARCH_PATHS[sdk=macosx*]" = "@executable_path/../Frameworks";
				MACOSX_DEPLOYMENT_TARGET = 12.7;
				MARKETING_VERSION = 5.2.1;
				PRODUCT_BUNDLE_IDENTIFIER = "M100-LS100-DM85.SVLBH-Panel";
				PRODUCT_NAME = "$(TARGET_NAME)";
				SDKROOT = auto;
				SUPPORTED_PLATFORMS = "iphoneos iphonesimulator macosx";
				SWIFT_EMIT_LOC_STRINGS = YES;
				SWIFT_VERSION = 5.0;
				TARGETED_DEVICE_FAMILY = "1,2";
			};
			name = Debug;
		};
		8E7964F12F6E4D120051060A /* Release */ = {
			isa = XCBuildConfiguration;
			buildSettings = {
				ASSETCATALOG_COMPILER_APPICON_NAME = AppIcon;
				ASSETCATALOG_COMPILER_GLOBAL_ACCENT_COLOR_NAME = AccentColor;
				CODE_SIGN_ENTITLEMENTS = "SVLBH Panel/SVLBH_Panel.entitlements";
				CODE_SIGN_IDENTITY = "Apple Development";
				CODE_SIGN_STYLE = Automatic;
				CURRENT_PROJECT_VERSION = 67;
				DEVELOPMENT_ASSET_PATHS = "\"SVLBH Panel/Preview Content\"";
				DEVELOPMENT_TEAM = "";
				ENABLE_HARDENED_RUNTIME = YES;
				ENABLE_PREVIEWS = YES;
				GENERATE_INFOPLIST_FILE = YES;
				"INFOPLIST_KEY_UIApplicationSceneManifest_Generation[sdk=iphoneos*]" = YES;
				"INFOPLIST_KEY_UIApplicationSceneManifest_Generation[sdk=iphonesimulator*]" = YES;
				"INFOPLIST_KEY_UIApplicationSupportsIndirectInputEvents[sdk=iphoneos*]" = YES;
				"INFOPLIST_KEY_UIApplicationSupportsIndirectInputEvents[sdk=iphonesimulator*]" = YES;
				"INFOPLIST_KEY_UILaunchScreen_Generation[sdk=iphoneos*]" = YES;
				"INFOPLIST_KEY_UILaunchScreen_Generation[sdk=iphonesimulator*]" = YES;
				"INFOPLIST_KEY_UIStatusBarStyle[sdk=iphoneos*]" = UIStatusBarStyleDefault;
				"INFOPLIST_KEY_UIStatusBarStyle[sdk=iphonesimulator*]" = UIStatusBarStyleDefault;
				INFOPLIST_KEY_UISupportedInterfaceOrientations_iPad = "UIInterfaceOrientationPortrait UIInterfaceOrientationPortraitUpsideDown UIInterfaceOrientationLandscapeLeft UIInterfaceOrientationLandscapeRight";
				INFOPLIST_KEY_UISupportedInterfaceOrientations_iPhone = "UIInterfaceOrientationPortrait UIInterfaceOrientationLandscapeLeft UIInterfaceOrientationLandscapeRight";
				IPHONEOS_DEPLOYMENT_TARGET = 16.2;
				LD_RUNPATH_SEARCH_PATHS = "@executable_path/Frameworks";
				"LD_RUNPATH_SEARCH_PATHS[sdk=macosx*]" = "@executable_path/../Frameworks";
				MACOSX_DEPLOYMENT_TARGET = 12.7;
				MARKETING_VERSION = 5.2.1;
				PRODUCT_BUNDLE_IDENTIFIER = "M100-LS100-DM85.SVLBH-Panel";
				PRODUCT_NAME = "$(TARGET_NAME)";
				PROVISIONING_PROFILE_SPECIFIER = "";
				SDKROOT = auto;
				SUPPORTED_PLATFORMS = "iphoneos iphonesimulator macosx";
				SWIFT_EMIT_LOC_STRINGS = YES;
				SWIFT_VERSION = 5.0;
				TARGETED_DEVICE_FAMILY = "1,2";
			};
			name = Release;
		};
		8E7964F32F6E4D120051060A /* Debug */ = {
			isa = XCBuildConfiguration;
			buildSettings = {
				ALWAYS_EMBED_SWIFT_STANDARD_LIBRARIES = YES;
				BUNDLE_LOADER = "$(TEST_HOST)";
				CODE_SIGN_STYLE = Automatic;
				CURRENT_PROJECT_VERSION = 67;
				DEVELOPMENT_TEAM = NKJ86L447D;
				GENERATE_INFOPLIST_FILE = YES;
				IPHONEOS_DEPLOYMENT_TARGET = 16.2;
				MACOSX_DEPLOYMENT_TARGET = 12.7;
				MARKETING_VERSION = 5.2.1;
				PRODUCT_BUNDLE_IDENTIFIER = "M100-LS100-DM85.SVLBH-PanelTests";
				PRODUCT_NAME = "$(TARGET_NAME)";
				SDKROOT = auto;
				SUPPORTED_PLATFORMS = "iphoneos iphonesimulator macosx";
				SWIFT_EMIT_LOC_STRINGS = NO;
				SWIFT_VERSION = 5.0;
				TARGETED_DEVICE_FAMILY = "1,2";
				TEST_HOST = "$(BUILT_PRODUCTS_DIR)/SVLBH Panel.app/$(BUNDLE_EXECUTABLE_FOLDER_PATH)/SVLBH Panel";
			};
			name = Debug;
		};
		8E7964F42F6E4D120051060A /* Release */ = {
			isa = XCBuildConfiguration;
			buildSettings = {
				ALWAYS_EMBED_SWIFT_STANDARD_LIBRARIES = YES;
				BUNDLE_LOADER = "$(TEST_HOST)";
				CODE_SIGN_STYLE = Automatic;
				CURRENT_PROJECT_VERSION = 67;
				DEVELOPMENT_TEAM = NKJ86L447D;
				GENERATE_INFOPLIST_FILE = YES;
				IPHONEOS_DEPLOYMENT_TARGET = 16.2;
				MACOSX_DEPLOYMENT_TARGET = 12.7;
				MARKETING_VERSION = 5.2.1;
				PRODUCT_BUNDLE_IDENTIFIER = "M100-LS100-DM85.SVLBH-PanelTests";
				PRODUCT_NAME = "$(TARGET_NAME)";
				SDKROOT = auto;
				SUPPORTED_PLATFORMS = "iphoneos iphonesimulator macosx";
				SWIFT_EMIT_LOC_STRINGS = NO;
				SWIFT_VERSION = 5.0;
				TARGETED_DEVICE_FAMILY = "1,2";
				TEST_HOST = "$(BUILT_PRODUCTS_DIR)/SVLBH Panel.app/$(BUNDLE_EXECUTABLE_FOLDER_PATH)/SVLBH Panel";
			};
			name = Release;
		};
		8E7964F62F6E4D120051060A /* Debug */ = {
			isa = XCBuildConfiguration;
			buildSettings = {
				ALWAYS_EMBED_SWIFT_STANDARD_LIBRARIES = YES;
				CODE_SIGN_STYLE = Automatic;
				CURRENT_PROJECT_VERSION = 67;
				DEVELOPMENT_TEAM = NKJ86L447D;
				GENERATE_INFOPLIST_FILE = YES;
				IPHONEOS_DEPLOYMENT_TARGET = 16.2;
				MACOSX_DEPLOYMENT_TARGET = 12.7;
				MARKETING_VERSION = 5.2.1;
				PRODUCT_BUNDLE_IDENTIFIER = "M100-LS100-DM85.SVLBH-PanelUITests";
				PRODUCT_NAME = "$(TARGET_NAME)";
				SDKROOT = auto;
				SUPPORTED_PLATFORMS = "iphoneos iphonesimulator macosx";
				SWIFT_EMIT_LOC_STRINGS = NO;
				SWIFT_VERSION = 5.0;
				TARGETED_DEVICE_FAMILY = "1,2";
				TEST_TARGET_NAME = "SVLBH Panel";
			};
			name = Debug;
		};
		8E7964F72F6E4D120051060A /* Release */ = {
			isa = XCBuildConfiguration;
			buildSettings = {
				ALWAYS_EMBED_SWIFT_STANDARD_LIBRARIES = YES;
				CODE_SIGN_STYLE = Automatic;
				CURRENT_PROJECT_VERSION = 67;
				DEVELOPMENT_TEAM = NKJ86L447D;
				GENERATE_INFOPLIST_FILE = YES;
				IPHONEOS_DEPLOYMENT_TARGET = 16.2;
				MACOSX_DEPLOYMENT_TARGET = 12.7;
				MARKETING_VERSION = 5.2.1;
				PRODUCT_BUNDLE_IDENTIFIER = "M100-LS100-DM85.SVLBH-PanelUITests";
				PRODUCT_NAME = "$(TARGET_NAME)";
				SDKROOT = auto;
				SUPPORTED_PLATFORMS = "iphoneos iphonesimulator macosx";
				SWIFT_EMIT_LOC_STRINGS = NO;
				SWIFT_VERSION = 5.0;
				TARGETED_DEVICE_FAMILY = "1,2";
				TEST_TARGET_NAME = "SVLBH Panel";
			};
			name = Release;
		};
/* End XCBuildConfiguration section */

/* Begin XCConfigurationList section */
		8E7964C02F6E4D100051060A /* Build configuration list for PBXProject "SVLBH Panel" */ = {
			isa = XCConfigurationList;
			buildConfigurations = (
				8E7964ED2F6E4D120051060A /* Debug */,
				8E7964EE2F6E4D120051060A /* Release */,
			);
			defaultConfigurationIsVisible = 0;
			defaultConfigurationName = Release;
		};
		8E7964EF2F6E4D120051060A /* Build configuration list for PBXNativeTarget "SVLBH Panel" */ = {
			isa = XCConfigurationList;
			buildConfigurations = (
				8E7964F02F6E4D120051060A /* Debug */,
				8E7964F12F6E4D120051060A /* Release */,
			);
			defaultConfigurationIsVisible = 0;
			defaultConfigurationName = Release;
		};
		8E7964F22F6E4D120051060A /* Build configuration list for PBXNativeTarget "SVLBH PanelTests" */ = {
			isa = XCConfigurationList;
			buildConfigurations = (
				8E7964F32F6E4D120051060A /* Debug */,
				8E7964F42F6E4D120051060A /* Release */,
			);
			defaultConfigurationIsVisible = 0;
			defaultConfigurationName = Release;
		};
		8E7964F52F6E4D120051060A /* Build configuration list for PBXNativeTarget "SVLBH PanelUITests" */ = {
			isa = XCConfigurationList;
			buildConfigurations = (
				8E7964F62F6E4D120051060A /* Debug */,
				8E7964F72F6E4D120051060A /* Release */,
			);
			defaultConfigurationIsVisible = 0;
			defaultConfigurationName = Release;
		};
/* End XCConfigurationList section */
	};
	rootObject = 8E7964BD2F6E4D100051060A /* Project object */;
}
